
Microsoft Visual Studio Solution File, Format Version 12.00
# Visual Studio Version 16
VisualStudioVersion = 16.0.30523.141
MinimumVisualStudioVersion = 10.0.40219.1
Project("{8BC9CEB8-8B4A-11D0-8D11-00A0C91BC942}") = "Bai_1.0_LamQuenLapTrinhC", "Bai_1.0_LamQuenLapTrinhC\Bai_1.0_LamQuenLapTrinhC.vcxproj", "{5A6D7299-1068-4C0C-A0C2-9E8580B1B240}"
EndProject
Project("{8BC9CEB8-8B4A-11D0-8D11-00A0C91BC942}") = "Bai_1.1_KhaiNiemVeBien", "Bai_1.1_KhaiNiemVeBien\Bai_1.1_KhaiNiemVeBien.vcxproj", "{16BDD449-C4F7-4075-9702-A969A1E0C2C4}"
EndProject
Project("{8BC9CEB8-8B4A-11D0-8D11-00A0C91BC942}") = "Bai_1.2_CauLenhXuatRaManHinh", "Bai_1.2_CauLenhXuatRaManHinh\Bai_1.2_CauLenhXuatRaManHinh.vcxproj", "{BA9A86AD-D49D-4950-8636-B5A34A9FEA2C}"
EndProject
Project("{8BC9CEB8-8B4A-11D0-8D11-00A0C91BC942}") = "Bai_1.3_ToanTuSoHoc", "Bai_1.3_ToanTuSoHoc\Bai_1.3_ToanTuSoHoc.vcxproj", "{9211572F-24C8-481E-A0AC-C6B222F66E6A}"
EndProject
Project("{8BC9CEB8-8B4A-11D0-8D11-00A0C91BC942}") = "Bai_1.4_ToanTuSoSanh", "Bai_1.4_ToanTuSoSanh\Bai_1.4_ToanTuSoSanh.vcxproj", "{7EEB48AF-679D-4697-83A8-3E1F7DCEE016}"
EndProject
Project("{8BC9CEB8-8B4A-11D0-8D11-00A0C91BC942}") = "Bai_1.5_ToanTuLogic", "Bai_1.5_ToanTuLogic\Bai_1.5_ToanTuLogic.vcxproj", "{E5DACC87-A52B-436A-BA94-15F6AA2999AA}"
EndProject
Project("{8BC9CEB8-8B4A-11D0-8D11-00A0C91BC942}") = "Bai_1.6_NhapDuLieuTuBanPhim", "Bai_1.6_NhapDuLieuTuBanPhim\Bai_1.6_NhapDuLieuTuBanPhim.vcxproj", "{F7C60C41-1CB9-457D-A7F6-A2FB6F6B65B5}"
EndProject
Project("{8BC9CEB8-8B4A-11D0-8D11-00A0C91BC942}") = "Bai_1.7_CauLenh_IF", "Bai_1.7_CauLenh_IF\Bai_1.7_CauLenh_IF.vcxproj", "{0B5D485C-7D72-40DE-8825-1211E22B411E}"
EndProject
Project("{8BC9CEB8-8B4A-11D0-8D11-00A0C91BC942}") = "Bai_1.8_CauLenh_IF_Else", "Bai_1.8_CauLenh_IF_Else\Bai_1.8_CauLenh_IF_Else.vcxproj", "{E9E20D18-A05A-4EF0-AC5A-F2301672EFF2}"
EndProject
Project("{8BC9CEB8-8B4A-11D0-8D11-00A0C91BC942}") = "Bai_1.9_CauLenh_ElseIf", "Bai_1.9_CauLenh_ElseIf\Bai_1.9_CauLenh_ElseIf.vcxproj", "{BBA13D39-95D1-4178-9187-098B44CD081B}"
EndProject
Project("{8BC9CEB8-8B4A-11D0-8D11-00A0C91BC942}") = "Bai_2.0_SwitchCase", "Bai_2.0_\Bai_2.0_.vcxproj", "{5C2314FD-F55A-4AAA-91CA-6677D43149E9}"
EndProject
Global
	GlobalSection(SolutionConfigurationPlatforms) = preSolution
		Debug|x64 = Debug|x64
		Debug|x86 = Debug|x86
		Release|x64 = Release|x64
		Release|x86 = Release|x86
	EndGlobalSection
	GlobalSection(ProjectConfigurationPlatforms) = postSolution
		{5A6D7299-1068-4C0C-A0C2-9E8580B1B240}.Debug|x64.ActiveCfg = Debug|x64
		{5A6D7299-1068-4C0C-A0C2-9E8580B1B240}.Debug|x64.Build.0 = Debug|x64
		{5A6D7299-1068-4C0C-A0C2-9E8580B1B240}.Debug|x86.ActiveCfg = Debug|Win32
		{5A6D7299-1068-4C0C-A0C2-9E8580B1B240}.Debug|x86.Build.0 = Debug|Win32
		{5A6D7299-1068-4C0C-A0C2-9E8580B1B240}.Release|x64.ActiveCfg = Release|x64
		{5A6D7299-1068-4C0C-A0C2-9E8580B1B240}.Release|x64.Build.0 = Release|x64
		{5A6D7299-1068-4C0C-A0C2-9E8580B1B240}.Release|x86.ActiveCfg = Release|Win32
		{5A6D7299-1068-4C0C-A0C2-9E8580B1B240}.Release|x86.Build.0 = Release|Win32
		{16BDD449-C4F7-4075-9702-A969A1E0C2C4}.Debug|x64.ActiveCfg = Debug|x64
		{16BDD449-C4F7-4075-9702-A969A1E0C2C4}.Debug|x64.Build.0 = Debug|x64
		{16BDD449-C4F7-4075-9702-A969A1E0C2C4}.Debug|x86.ActiveCfg = Debug|Win32
		{16BDD449-C4F7-4075-9702-A969A1E0C2C4}.Debug|x86.Build.0 = Debug|Win32
		{16BDD449-C4F7-4075-9702-A969A1E0C2C4}.Release|x64.ActiveCfg = Release|x64
		{16BDD449-C4F7-4075-9702-A969A1E0C2C4}.Release|x64.Build.0 = Release|x64
		{16BDD449-C4F7-4075-9702-A969A1E0C2C4}.Release|x86.ActiveCfg = Release|Win32
		{16BDD449-C4F7-4075-9702-A969A1E0C2C4}.Release|x86.Build.0 = Release|Win32
		{BA9A86AD-D49D-4950-8636-B5A34A9FEA2C}.Debug|x64.ActiveCfg = Debug|x64
		{BA9A86AD-D49D-4950-8636-B5A34A9FEA2C}.Debug|x64.Build.0 = Debug|x64
		{BA9A86AD-D49D-4950-8636-B5A34A9FEA2C}.Debug|x86.ActiveCfg = Debug|Win32
		{BA9A86AD-D49D-4950-8636-B5A34A9FEA2C}.Debug|x86.Build.0 = Debug|Win32
		{BA9A86AD-D49D-4950-8636-B5A34A9FEA2C}.Release|x64.ActiveCfg = Release|x64
		{BA9A86AD-D49D-4950-8636-B5A34A9FEA2C}.Release|x64.Build.0 = Release|x64
		{BA9A86AD-D49D-4950-8636-B5A34A9FEA2C}.Release|x86.ActiveCfg = Release|Win32
		{BA9A86AD-D49D-4950-8636-B5A34A9FEA2C}.Release|x86.Build.0 = Release|Win32
		{9211572F-24C8-481E-A0AC-C6B222F66E6A}.Debug|x64.ActiveCfg = Debug|x64
		{9211572F-24C8-481E-A0AC-C6B222F66E6A}.Debug|x64.Build.0 = Debug|x64
		{9211572F-24C8-481E-A0AC-C6B222F66E6A}.Debug|x86.ActiveCfg = Debug|Win32
		{9211572F-24C8-481E-A0AC-C6B222F66E6A}.Debug|x86.Build.0 = Debug|Win32
		{9211572F-24C8-481E-A0AC-C6B222F66E6A}.Release|x64.ActiveCfg = Release|x64
		{9211572F-24C8-481E-A0AC-C6B222F66E6A}.Release|x64.Build.0 = Release|x64
		{9211572F-24C8-481E-A0AC-C6B222F66E6A}.Release|x86.ActiveCfg = Release|Win32
		{9211572F-24C8-481E-A0AC-C6B222F66E6A}.Release|x86.Build.0 = Release|Win32
		{7EEB48AF-679D-4697-83A8-3E1F7DCEE016}.Debug|x64.ActiveCfg = Debug|x64
		{7EEB48AF-679D-4697-83A8-3E1F7DCEE016}.Debug|x64.Build.0 = Debug|x64
		{7EEB48AF-679D-4697-83A8-3E1F7DCEE016}.Debug|x86.ActiveCfg = Debug|Win32
		{7EEB48AF-679D-4697-83A8-3E1F7DCEE016}.Debug|x86.Build.0 = Debug|Win32
		{7EEB48AF-679D-4697-83A8-3E1F7DCEE016}.Release|x64.ActiveCfg = Release|x64
		{7EEB48AF-679D-4697-83A8-3E1F7DCEE016}.Release|x64.Build.0 = Release|x64
		{7EEB48AF-679D-4697-83A8-3E1F7DCEE016}.Release|x86.ActiveCfg = Release|Win32
		{7EEB48AF-679D-4697-83A8-3E1F7DCEE016}.Release|x86.Build.0 = Release|Win32
		{E5DACC87-A52B-436A-BA94-15F6AA2999AA}.Debug|x64.ActiveCfg = Debug|x64
		{E5DACC87-A52B-436A-BA94-15F6AA2999AA}.Debug|x64.Build.0 = Debug|x64
		{E5DACC87-A52B-436A-BA94-15F6AA2999AA}.Debug|x86.ActiveCfg = Debug|Win32
		{E5DACC87-A52B-436A-BA94-15F6AA2999AA}.Debug|x86.Build.0 = Debug|Win32
		{E5DACC87-A52B-436A-BA94-15F6AA2999AA}.Release|x64.ActiveCfg = Release|x64
		{E5DACC87-A52B-436A-BA94-15F6AA2999AA}.Release|x64.Build.0 = Release|x64
		{E5DACC87-A52B-436A-BA94-15F6AA2999AA}.Release|x86.ActiveCfg = Release|Win32
		{E5DACC87-A52B-436A-BA94-15F6AA2999AA}.Release|x86.Build.0 = Release|Win32
		{F7C60C41-1CB9-457D-A7F6-A2FB6F6B65B5}.Debug|x64.ActiveCfg = Debug|x64
		{F7C60C41-1CB9-457D-A7F6-A2FB6F6B65B5}.Debug|x64.Build.0 = Debug|x64
		{F7C60C41-1CB9-457D-A7F6-A2FB6F6B65B5}.Debug|x86.ActiveCfg = Debug|Win32
		{F7C60C41-1CB9-457D-A7F6-A2FB6F6B65B5}.Debug|x86.Build.0 = Debug|Win32
		{F7C60C41-1CB9-457D-A7F6-A2FB6F6B65B5}.Release|x64.ActiveCfg = Release|x64
		{F7C60C41-1CB9-457D-A7F6-A2FB6F6B65B5}.Release|x64.Build.0 = Release|x64
		{F7C60C41-1CB9-457D-A7F6-A2FB6F6B65B5}.Release|x86.ActiveCfg = Release|Win32
		{F7C60C41-1CB9-457D-A7F6-A2FB6F6B65B5}.Release|x86.Build.0 = Release|Win32
		{0B5D485C-7D72-40DE-8825-1211E22B411E}.Debug|x64.ActiveCfg = Debug|x64
		{0B5D485C-7D72-40DE-8825-1211E22B411E}.Debug|x64.Build.0 = Debug|x64
		{0B5D485C-7D72-40DE-8825-1211E22B411E}.Debug|x86.ActiveCfg = Debug|Win32
		{0B5D485C-7D72-40DE-8825-1211E22B411E}.Debug|x86.Build.0 = Debug|Win32
		{0B5D485C-7D72-40DE-8825-1211E22B411E}.Release|x64.ActiveCfg = Release|x64
		{0B5D485C-7D72-40DE-8825-1211E22B411E}.Release|x64.Build.0 = Release|x64
		{0B5D485C-7D72-40DE-8825-1211E22B411E}.Release|x86.ActiveCfg = Release|Win32
		{0B5D485C-7D72-40DE-8825-1211E22B411E}.Release|x86.Build.0 = Release|Win32
		{E9E20D18-A05A-4EF0-AC5A-F2301672EFF2}.Debug|x64.ActiveCfg = Debug|x64
		{E9E20D18-A05A-4EF0-AC5A-F2301672EFF2}.Debug|x64.Build.0 = Debug|x64
		{E9E20D18-A05A-4EF0-AC5A-F2301672EFF2}.Debug|x86.ActiveCfg = Debug|Win32
		{E9E20D18-A05A-4EF0-AC5A-F2301672EFF2}.Debug|x86.Build.0 = Debug|Win32
		{E9E20D18-A05A-4EF0-AC5A-F2301672EFF2}.Release|x64.ActiveCfg = Release|x64
		{E9E20D18-A05A-4EF0-AC5A-F2301672EFF2}.Release|x64.Build.0 = Release|x64
		{E9E20D18-A05A-4EF0-AC5A-F2301672EFF2}.Release|x86.ActiveCfg = Release|Win32
		{E9E20D18-A05A-4EF0-AC5A-F2301672EFF2}.Release|x86.Build.0 = Release|Win32
		{BBA13D39-95D1-4178-9187-098B44CD081B}.Debug|x64.ActiveCfg = Debug|x64
		{BBA13D39-95D1-4178-9187-098B44CD081B}.Debug|x64.Build.0 = Debug|x64
		{BBA13D39-95D1-4178-9187-098B44CD081B}.Debug|x86.ActiveCfg = Debug|Win32
		{BBA13D39-95D1-4178-9187-098B44CD081B}.Debug|x86.Build.0 = Debug|Win32
		{BBA13D39-95D1-4178-9187-098B44CD081B}.Release|x64.ActiveCfg = Release|x64
		{BBA13D39-95D1-4178-9187-098B44CD081B}.Release|x64.Build.0 = Release|x64
		{BBA13D39-95D1-4178-9187-098B44CD081B}.Release|x86.ActiveCfg = Release|Win32
		{BBA13D39-95D1-4178-9187-098B44CD081B}.Release|x86.Build.0 = Release|Win32
		{5C2314FD-F55A-4AAA-91CA-6677D43149E9}.Debug|x64.ActiveCfg = Debug|x64
		{5C2314FD-F55A-4AAA-91CA-6677D43149E9}.Debug|x64.Build.0 = Debug|x64
		{5C2314FD-F55A-4AAA-91CA-6677D43149E9}.Debug|x86.ActiveCfg = Debug|Win32
		{5C2314FD-F55A-4AAA-91CA-6677D43149E9}.Debug|x86.Build.0 = Debug|Win32
		{5C2314FD-F55A-4AAA-91CA-6677D43149E9}.Release|x64.ActiveCfg = Release|x64
		{5C2314FD-F55A-4AAA-91CA-6677D43149E9}.Release|x64.Build.0 = Release|x64
		{5C2314FD-F55A-4AAA-91CA-6677D43149E9}.Release|x86.ActiveCfg = Release|Win32
		{5C2314FD-F55A-4AAA-91CA-6677D43149E9}.Release|x86.Build.0 = Release|Win32
	EndGlobalSection
	GlobalSection(SolutionProperties) = preSolution
		HideSolutionNode = FALSE
	EndGlobalSection
	GlobalSection(ExtensibilityGlobals) = postSolution
		SolutionGuid = {E72C5040-DD00-4E92-AA78-48D038FDEAA9}
	EndGlobalSection
EndGlobal
